
Microsoft Visual Studio Solution File, Format Version 12.00
# Visual Studio Version 16
VisualStudioVersion = 16.0.30717.126
MinimumVisualStudioVersion = 10.0.40219.1
Project("{FAE04EC0-301F-11D3-BF4B-00C04F79EFBC}") = "LumoNotificaciones", "LumoNotificaciones.csproj", "{3AD2B8F0-657F-40D1-A87C-72C2D7793282}"
EndProject
Global
	GlobalSection(SolutionConfigurationPlatforms) = preSolution
		Debug|Any CPU = Debug|Any CPU
		Release|Any CPU = Release|Any CPU
	EndGlobalSection
	GlobalSection(ProjectConfigurationPlatforms) = postSolution
		{3AD2B8F0-657F-40D1-A87C-72C2D7793282}.Debug|Any CPU.ActiveCfg = Debug|Any CPU
		{3AD2B8F0-657F-40D1-A87C-72C2D7793282}.Debug|Any CPU.Build.0 = Debug|Any CPU
		{3AD2B8F0-657F-40D1-A87C-72C2D7793282}.Release|Any CPU.ActiveCfg = Release|Any CPU
		{3AD2B8F0-657F-40D1-A87C-72C2D7793282}.Release|Any CPU.Build.0 = Release|Any CPU
	EndGlobalSection
	GlobalSection(SolutionProperties) = preSolution
		HideSolutionNode = FALSE
	EndGlobalSection
	GlobalSection(ExtensibilityGlobals) = postSolution
		SolutionGuid = {642A271A-7496-4B67-8125-F40A09B0D002}
	EndGlobalSection
EndGlobal
